fyne.io/fyne v1.2.3 h1:5xwtSBNjxxmg+GF/lYvvf4xPzyjgWQoJVrzb+bt5gaA=
fyne.io/fyne v1.2.3/go.mod h1:JhDdBrPP/Kdr1H5ZT3HW8E/6zlz+GkOldWqSirGBDnY=
fyne.io/fyne v1.3.3 h1:jpdp9kTJ1ZOKQjyHZfzQGz/E3V35KVoMTawtii/1/j4=
fyne.io/fyne v1.3.3/go.mod h1:osD/JXxGf8AC7aB+Ek0YuFF2QXzdTFFzMRM8cdqrwvQ=
github.com/Azure/azure-pipeline-go v0.2.1/go.mod h1:UGSo8XybXnIGZ3epmeBw7Jdz+HiUVpqIlpz/HKHylF4=
github.c